// !$*UTF8*$!
{
	archiveVersion = 1;
	classes = {
	};
	objectVersion = 46;
	objects = {

/* Begin PBXBuildFile section */
		8C0940211F82A240004C929A /* libMien58.dylib in Frameworks */ = {isa = PBXBuildFile; fileRef = 8C483E911F6E77C800897F1E /* libMien58.dylib */; };
		8C0940231F82A26F004C929A /* libdlib.19.4.0.dylib in Frameworks */ = {isa = PBXBuildFile; fileRef = 8C0940221F82A26F004C929A /* libdlib.19.4.0.dylib */; };
		8C0940241F82A8D2004C929A /* libopencv_imgproc.3.3.0.dylib in Frameworks */ = {isa = PBXBuildFile; fileRef = 8CAB3AFA1F7F6AE7009E63D3 /* libopencv_imgproc.3.3.0.dylib */; };
		8C0940271F84899E004C929A /* Mien.cpp in Sources */ = {isa = PBXBuildFile; fileRef = 8C0940251F84899E004C929A /* Mien.cpp */; };
		8C0940281F84899E004C929A /* Mien.hpp in Headers */ = {isa = PBXBuildFile; fileRef = 8C0940261F84899E004C929A /* Mien.hpp */; };
		8C11E8401F8BA58800315AB1 /* dnn_face_recognition_ex.cpp in Sources */ = {isa = PBXBuildFile; fileRef = 8C11E83E1F8BA35600315AB1 /* dnn_face_recognition_ex.cpp */; };
		8C58584B1F82977100D822BF /* libLAPACK.dylib in Frameworks */ = {isa = PBXBuildFile; fileRef = 8C58584A1F82977100D822BF /* libLAPACK.dylib */; };
		8C9990901F8CB4A500D22695 /* libdlib.19.7.99.dylib in Frameworks */ = {isa = PBXBuildFile; fileRef = 8CF23D4B1F796EA900DFD5FB /* libdlib.19.7.99.dylib */; };
		8C9990921F8CB52500D22695 /* libcblas.tbd in Frameworks */ = {isa = PBXBuildFile; fileRef = 8C9990911F8CB52500D22695 /* libcblas.tbd */; };
		8C9AB72A1F7A402900E32BD3 /* Mien58.cpp in Sources */ = {isa = PBXBuildFile; fileRef = 8C9AB7281F7A402900E32BD3 /* Mien58.cpp */; };
		8C9AB72B1F7A402900E32BD3 /* Mien58.hpp in Headers */ = {isa = PBXBuildFile; fileRef = 8C9AB7291F7A402900E32BD3 /* Mien58.hpp */; };
		8CAB3AF81F7F6AE6009E63D3 /* libopencv_core.3.3.0.dylib in Frameworks */ = {isa = PBXBuildFile; fileRef = 8CBCBC591F7D1DE300A598DE /* libopencv_core.3.3.0.dylib */; };
		8CAB3AF91F7F6AE6009E63D3 /* libopencv_highgui.3.3.0.dylib in Frameworks */ = {isa = PBXBuildFile; fileRef = 8CBCBC551F7D1D0600A598DE /* libopencv_highgui.3.3.0.dylib */; };
		8CAB3AFB1F7F6AE7009E63D3 /* libopencv_imgproc.3.3.0.dylib in Frameworks */ = {isa = PBXBuildFile; fileRef = 8CAB3AFA1F7F6AE7009E63D3 /* libopencv_imgproc.3.3.0.dylib */; };
		8CAB3AFE1F7F6BFA009E63D3 /* libopencv_videoio.3.3.0.dylib in Frameworks */ = {isa = PBXBuildFile; fileRef = 8CBCBC571F7D1D8900A598DE /* libopencv_videoio.3.3.0.dylib */; };
		8CBCBC561F7D1D0600A598DE /* libopencv_highgui.3.3.0.dylib in Frameworks */ = {isa = PBXBuildFile; fileRef = 8CBCBC551F7D1D0600A598DE /* libopencv_highgui.3.3.0.dylib */; };
		8CBCBC581F7D1D8900A598DE /* libopencv_videoio.3.3.0.dylib in Frameworks */ = {isa = PBXBuildFile; fileRef = 8CBCBC571F7D1D8900A598DE /* libopencv_videoio.3.3.0.dylib */; };
		8CBCBC5A1F7D1DE300A598DE /* libopencv_core.3.3.0.dylib in Frameworks */ = {isa = PBXBuildFile; fileRef = 8CBCBC591F7D1DE300A598DE /* libopencv_core.3.3.0.dylib */; };
		8CDA374E1F7FDEFA003EEDED /* libopencv_imgcodecs.3.3.0.dylib in Frameworks */ = {isa = PBXBuildFile; fileRef = 8CDA374D1F7FDEFA003EEDED /* libopencv_imgcodecs.3.3.0.dylib */; };
		8CE92B711F6D7C0C00913863 /* main.cpp in Sources */ = {isa = PBXBuildFile; fileRef = 8CE92B701F6D7C0C00913863 /* main.cpp */; };
		8CFB36061F88C6DA0002C2BE /* libopencv_face.3.3.0.dylib in Frameworks */ = {isa = PBXBuildFile; fileRef = 8CFB36071F88C6DA0002C2BE /* libopencv_face.3.3.0.dylib */; };
/* End PBXBuildFile section */

/* Begin PBXCopyFilesBuildPhase section */
		8CE92B6C1F6D7C0C00913863 /* CopyFiles */ = {
			isa = PBXCopyFilesBuildPhase;
			buildActionMask = 2147483647;
			dstPath = /usr/share/man/man1/;
			dstSubfolderSpec = 0;
			files = (
			);
			runOnlyForDeploymentPostprocessing = 1;
		};
/* End PBXCopyFilesBuildPhase section */

/* Begin PBXFileReference section */
		8C0940221F82A26F004C929A /* libdlib.19.4.0.dylib */ = {isa = PBXFileReference; lastKnownFileType = "compiled.mach-o.dylib"; name = libdlib.19.4.0.dylib; path = ../../lib/libdlib.19.4.0.dylib; sourceTree = "<group>"; };
		8C0940251F84899E004C929A /* Mien.cpp */ = {isa = PBXFileReference; lastKnownFileType = sourcecode.cpp.cpp; path = Mien.cpp; sourceTree = "<group>"; };
		8C0940261F84899E004C929A /* Mien.hpp */ = {isa = PBXFileReference; lastKnownFileType = sourcecode.cpp.h; path = Mien.hpp; sourceTree = "<group>"; };
		8C0940291F853860004C929A /* data.cpp */ = {isa = PBXFileReference; lastKnownFileType = sourcecode.cpp.cpp; path = data.cpp; sourceTree = "<group>"; };
		8C11E83E1F8BA35600315AB1 /* dnn_face_recognition_ex.cpp */ = {isa = PBXFileReference; fileEncoding = 4; lastKnownFileType = sourcecode.cpp.cpp; name = dnn_face_recognition_ex.cpp; path = Mien58/dnn_face_recognition_ex.cpp; sourceTree = SOURCE_ROOT; };
		8C483E911F6E77C800897F1E /* libMien58.dylib */ = {isa = PBXFileReference; explicitFileType = "compiled.mach-o.dylib"; includeInIndex = 0; path = libMien58.dylib; sourceTree = BUILT_PRODUCTS_DIR; };
		8C483E961F6E784100897F1E /* libdlib.19.4.99.dylib */ = {isa = PBXFileReference; lastKnownFileType = "compiled.mach-o.dylib"; name = libdlib.19.4.99.dylib; path = "../../Library/Developer/Xcode/DerivedData/Work-epbhlotwgnuranenxjltsehfharg/Build/Products/Debug/libdlib.19.4.99.dylib"; sourceTree = "<group>"; };
		8C5858491F82974300D822BF /* libdlib.19.4.0.dylib */ = {isa = PBXFileReference; explicitFileType = "compiled.mach-o.dylib"; path = libdlib.19.4.0.dylib; sourceTree = BUILT_PRODUCTS_DIR; };
		8C58584A1F82977100D822BF /* libLAPACK.dylib */ = {isa = PBXFileReference; lastKnownFileType = "compiled.mach-o.dylib"; name = libLAPACK.dylib; path = ../../../../System/Library/Frameworks/Accelerate.framework/Versions/A/Frameworks/vecLib.framework/Versions/A/libLAPACK.dylib; sourceTree = "<group>"; };
		8C9990911F8CB52500D22695 /* libcblas.tbd */ = {isa = PBXFileReference; lastKnownFileType = "sourcecode.text-based-dylib-definition"; name = libcblas.tbd; path = usr/lib/libcblas.tbd; sourceTree = SDKROOT; };
		8C9AB7281F7A402900E32BD3 /* Mien58.cpp */ = {isa = PBXFileReference; lastKnownFileType = sourcecode.cpp.cpp; path = Mien58.cpp; sourceTree = "<group>"; };
		8C9AB7291F7A402900E32BD3 /* Mien58.hpp */ = {isa = PBXFileReference; lastKnownFileType = sourcecode.cpp.h; path = Mien58.hpp; sourceTree = "<group>"; };
		8CAB3AF11F7F2D57009E63D3 /* libwdlib.dylib */ = {isa = PBXFileReference; explicitFileType = "compiled.mach-o.dylib"; path = libwdlib.dylib; sourceTree = BUILT_PRODUCTS_DIR; };
		8CAB3AFA1F7F6AE7009E63D3 /* libopencv_imgproc.3.3.0.dylib */ = {isa = PBXFileReference; lastKnownFileType = "compiled.mach-o.dylib"; name = libopencv_imgproc.3.3.0.dylib; path = ../../lib/libopencv_imgproc.3.3.0.dylib; sourceTree = "<group>"; };
		8CBCBC511F7D1C7200A598DE /* libdlib.a */ = {isa = PBXFileReference; explicitFileType = archive.ar; path = libdlib.a; sourceTree = BUILT_PRODUCTS_DIR; };
		8CBCBC551F7D1D0600A598DE /* libopencv_highgui.3.3.0.dylib */ = {isa = PBXFileReference; lastKnownFileType = "compiled.mach-o.dylib"; name = libopencv_highgui.3.3.0.dylib; path = ../../lib/libopencv_highgui.3.3.0.dylib; sourceTree = "<group>"; };
		8CBCBC571F7D1D8900A598DE /* libopencv_videoio.3.3.0.dylib */ = {isa = PBXFileReference; lastKnownFileType = "compiled.mach-o.dylib"; name = libopencv_videoio.3.3.0.dylib; path = ../../lib/libopencv_videoio.3.3.0.dylib; sourceTree = "<group>"; };
		8CBCBC591F7D1DE300A598DE /* libopencv_core.3.3.0.dylib */ = {isa = PBXFileReference; lastKnownFileType = "compiled.mach-o.dylib"; name = libopencv_core.3.3.0.dylib; path = ../../lib/libopencv_core.3.3.0.dylib; sourceTree = "<group>"; };
		8CDA374D1F7FDEFA003EEDED /* libopencv_imgcodecs.3.3.0.dylib */ = {isa = PBXFileReference; lastKnownFileType = "compiled.mach-o.dylib"; name = libopencv_imgcodecs.3.3.0.dylib; path = ../../lib/libopencv_imgcodecs.3.3.0.dylib; sourceTree = "<group>"; };
		8CE92B6E1F6D7C0C00913863 /* appMien58 */ = {isa = PBXFileReference; explicitFileType = "compiled.mach-o.executable"; includeInIndex = 0; path = appMien58; sourceTree = BUILT_PRODUCTS_DIR; };
		8CE92B701F6D7C0C00913863 /* main.cpp */ = {isa = PBXFileReference; lastKnownFileType = sourcecode.cpp.cpp; path = main.cpp; sourceTree = "<group>"; };
		8CF23D4B1F796EA900DFD5FB /* libdlib.19.7.99.dylib */ = {isa = PBXFileReference; explicitFileType = "compiled.mach-o.dylib"; path = libdlib.19.7.99.dylib; sourceTree = BUILT_PRODUCTS_DIR; };
		8CFB36071F88C6DA0002C2BE /* libopencv_face.3.3.0.dylib */ = {isa = PBXFileReference; explicitFileType = "compiled.mach-o.dylib"; path = libopencv_face.3.3.0.dylib; sourceTree = BUILT_PRODUCTS_DIR; };
/* End PBXFileReference section */

/* Begin PBXFrameworksBuildPhase section */
		8C483E8E1F6E77C800897F1E /* Frameworks */ = {
			isa = PBXFrameworksBuildPhase;
			buildActionMask = 2147483647;
			files = (
				8C9990921F8CB52500D22695 /* libcblas.tbd in Frameworks */,
				8C9990901F8CB4A500D22695 /* libdlib.19.7.99.dylib in Frameworks */,
				8CFB36061F88C6DA0002C2BE /* libopencv_face.3.3.0.dylib in Frameworks */,
				8C0940241F82A8D2004C929A /* libopencv_imgproc.3.3.0.dylib in Frameworks */,
				8C58584B1F82977100D822BF /* libLAPACK.dylib in Frameworks */,
				8CBCBC5A1F7D1DE300A598DE /* libopencv_core.3.3.0.dylib in Frameworks */,
				8CBCBC581F7D1D8900A598DE /* libopencv_videoio.3.3.0.dylib in Frameworks */,
				8CBCBC561F7D1D0600A598DE /* libopencv_highgui.3.3.0.dylib in Frameworks */,
			);
			runOnlyForDeploymentPostprocessing = 0;
		};
		8CE92B6B1F6D7C0C00913863 /* Frameworks */ = {
			isa = PBXFrameworksBuildPhase;
			buildActionMask = 2147483647;
			files = (
				8C0940231F82A26F004C929A /* libdlib.19.4.0.dylib in Frameworks */,
				8C0940211F82A240004C929A /* libMien58.dylib in Frameworks */,
				8CDA374E1F7FDEFA003EEDED /* libopencv_imgcodecs.3.3.0.dylib in Frameworks */,
				8CAB3AFE1F7F6BFA009E63D3 /* libopencv_videoio.3.3.0.dylib in Frameworks */,
				8CAB3AFB1F7F6AE7009E63D3 /* libopencv_imgproc.3.3.0.dylib in Frameworks */,
				8CAB3AF81F7F6AE6009E63D3 /* libopencv_core.3.3.0.dylib in Frameworks */,
				8CAB3AF91F7F6AE6009E63D3 /* libopencv_highgui.3.3.0.dylib in Frameworks */,
			);
			runOnlyForDeploymentPostprocessing = 0;
		};
/* End PBXFrameworksBuildPhase section */

/* Begin PBXGroup section */
		8CE92B541F6D747700913863 = {
			isa = PBXGroup;
			children = (
				8CE92B641F6D753900913863 /* Mien58 */,
				8CE92B6F1F6D7C0C00913863 /* appMien58 */,
				8CE92B5E1F6D747700913863 /* Products */,
				8CE92B671F6D7BB000913863 /* Frameworks */,
			);
			sourceTree = "<group>";
		};
		8CE92B5E1F6D747700913863 /* Products */ = {
			isa = PBXGroup;
			children = (
				8CE92B6E1F6D7C0C00913863 /* appMien58 */,
				8C483E911F6E77C800897F1E /* libMien58.dylib */,
			);
			name = Products;
			sourceTree = "<group>";
		};
		8CE92B641F6D753900913863 /* Mien58 */ = {
			isa = PBXGroup;
			children = (
				8C9AB7281F7A402900E32BD3 /* Mien58.cpp */,
				8C9AB7291F7A402900E32BD3 /* Mien58.hpp */,
				8C0940251F84899E004C929A /* Mien.cpp */,
				8C0940261F84899E004C929A /* Mien.hpp */,
				8C11E83E1F8BA35600315AB1 /* dnn_face_recognition_ex.cpp */,
			);
			path = Mien58;
			sourceTree = "<group>";
		};
		8CE92B671F6D7BB000913863 /* Frameworks */ = {
			isa = PBXGroup;
			children = (
				8C9990911F8CB52500D22695 /* libcblas.tbd */,
				8CFB36071F88C6DA0002C2BE /* libopencv_face.3.3.0.dylib */,
				8C0940221F82A26F004C929A /* libdlib.19.4.0.dylib */,
				8C58584A1F82977100D822BF /* libLAPACK.dylib */,
				8C5858491F82974300D822BF /* libdlib.19.4.0.dylib */,
				8CDA374D1F7FDEFA003EEDED /* libopencv_imgcodecs.3.3.0.dylib */,
				8CAB3AFA1F7F6AE7009E63D3 /* libopencv_imgproc.3.3.0.dylib */,
				8CAB3AF11F7F2D57009E63D3 /* libwdlib.dylib */,
				8CBCBC591F7D1DE300A598DE /* libopencv_core.3.3.0.dylib */,
				8CBCBC571F7D1D8900A598DE /* libopencv_videoio.3.3.0.dylib */,
				8CBCBC551F7D1D0600A598DE /* libopencv_highgui.3.3.0.dylib */,
				8CBCBC511F7D1C7200A598DE /* libdlib.a */,
				8CF23D4B1F796EA900DFD5FB /* libdlib.19.7.99.dylib */,
				8C483E961F6E784100897F1E /* libdlib.19.4.99.dylib */,
			);
			name = Frameworks;
			sourceTree = "<group>";
		};
		8CE92B6F1F6D7C0C00913863 /* appMien58 */ = {
			isa = PBXGroup;
			children = (
				8CE92B701F6D7C0C00913863 /* main.cpp */,
				8C0940291F853860004C929A /* data.cpp */,
			);
			path = appMien58;
			sourceTree = "<group>";
		};
/* End PBXGroup section */

/* Begin PBXHeadersBuildPhase section */
		8C483E8F1F6E77C800897F1E /* Headers */ = {
			isa = PBXHeadersBuildPhase;
			buildActionMask = 2147483647;
			files = (
				8C9AB72B1F7A402900E32BD3 /* Mien58.hpp in Headers */,
				8C0940281F84899E004C929A /* Mien.hpp in Headers */,
			);
			runOnlyForDeploymentPostprocessing = 0;
		};
/* End PBXHeadersBuildPhase section */

/* Begin PBXNativeTarget section */
		8C483E901F6E77C800897F1E /* Mien58 */ = {
			isa = PBXNativeTarget;
			buildConfigurationList = 8C483E921F6E77C800897F1E /* Build configuration list for PBXNativeTarget "Mien58" */;
			buildPhases = (
				8C483E8D1F6E77C800897F1E /* Sources */,
				8C483E8E1F6E77C800897F1E /* Frameworks */,
				8C483E8F1F6E77C800897F1E /* Headers */,
			);
			buildRules = (
			);
			dependencies = (
			);
			name = Mien58;
			productName = Mien58;
			productReference = 8C483E911F6E77C800897F1E /* libMien58.dylib */;
			productType = "com.apple.product-type.library.dynamic";
		};
		8CE92B6D1F6D7C0C00913863 /* appMien58 */ = {
			isa = PBXNativeTarget;
			buildConfigurationList = 8CE92B721F6D7C0C00913863 /* Build configuration list for PBXNativeTarget "appMien58" */;
			buildPhases = (
				8CE92B6A1F6D7C0C00913863 /* Sources */,
				8CE92B6B1F6D7C0C00913863 /* Frameworks */,
				8CE92B6C1F6D7C0C00913863 /* CopyFiles */,
			);
			buildRules = (
			);
			dependencies = (
			);
			name = appMien58;
			productName = appMien58;
			productReference = 8CE92B6E1F6D7C0C00913863 /* appMien58 */;
			productType = "com.apple.product-type.tool";
		};
/* End PBXNativeTarget section */

/* Begin PBXProject section */
		8CE92B551F6D747700913863 /* Project object */ = {
			isa = PBXProject;
			attributes = {
				LastUpgradeCheck = 0900;
				ORGANIZATIONNAME = "___ZHONGSIFEN___";
				TargetAttributes = {
					8C483E901F6E77C800897F1E = {
						CreatedOnToolsVersion = 8.3.3;
						ProvisioningStyle = Automatic;
					};
					8CE92B6D1F6D7C0C00913863 = {
						CreatedOnToolsVersion = 8.3.3;
						ProvisioningStyle = Automatic;
					};
				};
			};
			buildConfigurationList = 8CE92B581F6D747700913863 /* Build configuration list for PBXProject "Mien58" */;
			compatibilityVersion = "Xcode 3.2";
			developmentRegion = English;
			hasScannedForEncodings = 0;
			knownRegions = (
				en,
			);
			mainGroup = 8CE92B541F6D747700913863;
			productRefGroup = 8CE92B5E1F6D747700913863 /* Products */;
			projectDirPath = "";
			projectRoot = "";
			targets = (
				8CE92B6D1F6D7C0C00913863 /* appMien58 */,
				8C483E901F6E77C800897F1E /* Mien58 */,
			);
		};
/* End PBXProject section */

/* Begin PBXSourcesBuildPhase section */
		8C483E8D1F6E77C800897F1E /* Sources */ = {
			isa = PBXSourcesBuildPhase;
			buildActionMask = 2147483647;
			files = (
				8C11E8401F8BA58800315AB1 /* dnn_face_recognition_ex.cpp in Sources */,
				8C0940271F84899E004C929A /* Mien.cpp in Sources */,
				8C9AB72A1F7A402900E32BD3 /* Mien58.cpp in Sources */,
			);
			runOnlyForDeploymentPostprocessing = 0;
		};
		8CE92B6A1F6D7C0C00913863 /* Sources */ = {
			isa = PBXSourcesBuildPhase;
			buildActionMask = 2147483647;
			files = (
				8CE92B711F6D7C0C00913863 /* main.cpp in Sources */,
			);
			runOnlyForDeploymentPostprocessing = 0;
		};
/* End PBXSourcesBuildPhase section */

/* Begin XCBuildConfiguration section */
		8C483E931F6E77C800897F1E /* Debug */ = {
			isa = XCBuildConfiguration;
			buildSettings = {
				DYLIB_COMPATIBILITY_VERSION = 1;
				DYLIB_CURRENT_VERSION = 1;
				EXECUTABLE_PREFIX = lib;
				LIBRARY_SEARCH_PATHS = (
					"$(inherited)",
					"$(SYSTEM_LIBRARY_DIR)/Frameworks/Accelerate.framework/Versions/A/Frameworks/vecLib.framework/Versions/A",
				);
				PRODUCT_NAME = "$(TARGET_NAME)";
			};
			name = Debug;
		};
		8C483E941F6E77C800897F1E /* Release */ = {
			isa = XCBuildConfiguration;
			buildSettings = {
				DYLIB_COMPATIBILITY_VERSION = 1;
				DYLIB_CURRENT_VERSION = 1;
				EXECUTABLE_PREFIX = lib;
				LIBRARY_SEARCH_PATHS = (
					"$(inherited)",
					"$(SYSTEM_LIBRARY_DIR)/Frameworks/Accelerate.framework/Versions/A/Frameworks/vecLib.framework/Versions/A",
				);
				PRODUCT_NAME = "$(TARGET_NAME)";
			};
			name = Release;
		};
		8CE92B5F1F6D747700913863 /* Debug */ = {
			isa = XCBuildConfiguration;
			buildSettings = {
				ALWAYS_SEARCH_USER_PATHS = YES;
				CLANG_ANALYZER_NONNULL = YES;
				CLANG_ANALYZER_NUMBER_OBJECT_CONVERSION = YES_AGGRESSIVE;
				CLANG_CXX_LANGUAGE_STANDARD = "gnu++0x";
				CLANG_CXX_LIBRARY = "libc++";
				CLANG_ENABLE_MODULES = YES;
				CLANG_ENABLE_OBJC_ARC = YES;
				CLANG_WARN_BLOCK_CAPTURE_AUTORELEASING = YES;
				CLANG_WARN_BOOL_CONVERSION = YES;
				CLANG_WARN_COMMA = YES;
				CLANG_WARN_CONSTANT_CONVERSION = YES;
				CLANG_WARN_DIRECT_OBJC_ISA_USAGE = YES_ERROR;
				CLANG_WARN_DOCUMENTATION_COMMENTS = YES;
				CLANG_WARN_EMPTY_BODY = YES;
				CLANG_WARN_ENUM_CONVERSION = YES;
				CLANG_WARN_INFINITE_RECURSION = YES;
				CLANG_WARN_INT_CONVERSION = YES;
				CLANG_WARN_NON_LITERAL_NULL_CONVERSION = YES;
				CLANG_WARN_OBJC_LITERAL_CONVERSION = YES;
				CLANG_WARN_OBJC_ROOT_CLASS = YES_ERROR;
				CLANG_WARN_RANGE_LOOP_ANALYSIS = YES;
				CLANG_WARN_STRICT_PROTOTYPES = YES;
				CLANG_WARN_SUSPICIOUS_MOVE = YES;
				CLANG_WARN_UNREACHABLE_CODE = YES;
				CLANG_WARN__DUPLICATE_METHOD_MATCH = YES;
				CODE_SIGN_IDENTITY = "-";
				COPY_PHASE_STRIP = NO;
				DEBUG_INFORMATION_FORMAT = dwarf;
				ENABLE_STRICT_OBJC_MSGSEND = YES;
				ENABLE_TESTABILITY = YES;
				GCC_C_LANGUAGE_STANDARD = gnu99;
				GCC_DYNAMIC_NO_PIC = NO;
				GCC_NO_COMMON_BLOCKS = YES;
				GCC_OPTIMIZATION_LEVEL = 0;
				GCC_PREPROCESSOR_DEFINITIONS = (
					"DEBUG=1",
					"$(inherited)",
				);
				GCC_WARN_64_TO_32_BIT_CONVERSION = YES;
				GCC_WARN_ABOUT_RETURN_TYPE = YES_ERROR;
				GCC_WARN_UNDECLARED_SELECTOR = YES;
				GCC_WARN_UNINITIALIZED_AUTOS = YES_AGGRESSIVE;
				GCC_WARN_UNUSED_FUNCTION = YES;
				GCC_WARN_UNUSED_VARIABLE = YES;
				HEADER_SEARCH_PATHS = /Users/zhongsifen/local/include;
				LIBRARY_SEARCH_PATHS = /Users/zhongsifen/local/lib;
				MACOSX_DEPLOYMENT_TARGET = 10.12;
				MTL_ENABLE_DEBUG_INFO = YES;
				ONLY_ACTIVE_ARCH = YES;
				SDKROOT = macosx;
			};
			name = Debug;
		};
		8CE92B601F6D747700913863 /* Release */ = {
			isa = XCBuildConfiguration;
			buildSettings = {
				ALWAYS_SEARCH_USER_PATHS = YES;
				CLANG_ANALYZER_NONNULL = YES;
				CLANG_ANALYZER_NUMBER_OBJECT_CONVERSION = YES_AGGRESSIVE;
				CLANG_CXX_LANGUAGE_STANDARD = "gnu++0x";
				CLANG_CXX_LIBRARY = "libc++";
				CLANG_ENABLE_MODULES = YES;
				CLANG_ENABLE_OBJC_ARC = YES;
				CLANG_WARN_BLOCK_CAPTURE_AUTORELEASING = YES;
				CLANG_WARN_BOOL_CONVERSION = YES;
				CLANG_WARN_COMMA = YES;
				CLANG_WARN_CONSTANT_CONVERSION = YES;
				CLANG_WARN_DIRECT_OBJC_ISA_USAGE = YES_ERROR;
				CLANG_WARN_DOCUMENTATION_COMMENTS = YES;
				CLANG_WARN_EMPTY_BODY = YES;
				CLANG_WARN_ENUM_CONVERSION = YES;
				CLANG_WARN_INFINITE_RECURSION = YES;
				CLANG_WARN_INT_CONVERSION = YES;
				CLANG_WARN_NON_LITERAL_NULL_CONVERSION = YES;
				CLANG_WARN_OBJC_LITERAL_CONVERSION = YES;
				CLANG_WARN_OBJC_ROOT_CLASS = YES_ERROR;
				CLANG_WARN_RANGE_LOOP_ANALYSIS = YES;
				CLANG_WARN_STRICT_PROTOTYPES = YES;
				CLANG_WARN_SUSPICIOUS_MOVE = YES;
				CLANG_WARN_UNREACHABLE_CODE = YES;
				CLANG_WARN__DUPLICATE_METHOD_MATCH = YES;
				CODE_SIGN_IDENTITY = "-";
				COPY_PHASE_STRIP = NO;
				DEBUG_INFORMATION_FORMAT = "dwarf-with-dsym";
				ENABLE_NS_ASSERTIONS = NO;
				ENABLE_STRICT_OBJC_MSGSEND = YES;
				GCC_C_LANGUAGE_STANDARD = gnu99;
				GCC_NO_COMMON_BLOCKS = YES;
				GCC_WARN_64_TO_32_BIT_CONVERSION = YES;
				GCC_WARN_ABOUT_RETURN_TYPE = YES_ERROR;
				GCC_WARN_UNDECLARED_SELECTOR = YES;
				GCC_WARN_UNINITIALIZED_AUTOS = YES_AGGRESSIVE;
				GCC_WARN_UNUSED_FUNCTION = YES;
				GCC_WARN_UNUSED_VARIABLE = YES;
				HEADER_SEARCH_PATHS = /Users/zhongsifen/local/include;
				LIBRARY_SEARCH_PATHS = /Users/zhongsifen/local/lib;
				MACOSX_DEPLOYMENT_TARGET = 10.12;
				MTL_ENABLE_DEBUG_INFO = NO;
				SDKROOT = macosx;
			};
			name = Release;
		};
		8CE92B731F6D7C0C00913863 /* Debug */ = {
			isa = XCBuildConfiguration;
			buildSettings = {
				HEADER_SEARCH_PATHS = /Users/zhongsifen/local/include;
				LIBRARY_SEARCH_PATHS = /Users/zhongsifen/local/lib;
				PRODUCT_NAME = "$(TARGET_NAME)";
			};
			name = Debug;
		};
		8CE92B741F6D7C0C00913863 /* Release */ = {
			isa = XCBuildConfiguration;
			buildSettings = {
				HEADER_SEARCH_PATHS = /Users/zhongsifen/local/include;
				LIBRARY_SEARCH_PATHS = /Users/zhongsifen/local/lib;
				PRODUCT_NAME = "$(TARGET_NAME)";
			};
			name = Release;
		};
/* End XCBuildConfiguration section */

/* Begin XCConfigurationList section */
		8C483E921F6E77C800897F1E /* Build configuration list for PBXNativeTarget "Mien58" */ = {
			isa = XCConfigurationList;
			buildConfigurations = (
				8C483E931F6E77C800897F1E /* Debug */,
				8C483E941F6E77C800897F1E /* Release */,
			);
			defaultConfigurationIsVisible = 0;
			defaultConfigurationName = Release;
		};
		8CE92B581F6D747700913863 /* Build configuration list for PBXProject "Mien58" */ = {
			isa = XCConfigurationList;
			buildConfigurations = (
				8CE92B5F1F6D747700913863 /* Debug */,
				8CE92B601F6D747700913863 /* Release */,
			);
			defaultConfigurationIsVisible = 0;
			defaultConfigurationName = Release;
		};
		8CE92B721F6D7C0C00913863 /* Build configuration list for PBXNativeTarget "appMien58" */ = {
			isa = XCConfigurationList;
			buildConfigurations = (
				8CE92B731F6D7C0C00913863 /* Debug */,
				8CE92B741F6D7C0C00913863 /* Release */,
			);
			defaultConfigurationIsVisible = 0;
			defaultConfigurationName = Release;
		};
/* End XCConfigurationList section */
	};
	rootObject = 8CE92B551F6D747700913863 /* Project object */;
}
